# ======================================================================= #
# GENERATED by scripts/download_models.py - review before committing.
#
# Pinned SHA-256 digests of every model artefact. This file is merged over
# models.yaml at start-up, so these values become the integrity contract
# the runtime enforces. A mismatch at load time is a hard refusal.
#
# Re-generate deliberately with:  python scripts/download_models.py --write-lock
# ======================================================================= #

models:
  face_detector_haar:
    # version: opencv-haarcascade-frontalface-default
    sha256: "0f7d4527844eb514d4a4948e822da90fbb16a34a0bbbbc6adc6498747a5aafb0"
  face_detector_opencv_dnn:
    # version: res10_300x300_ssd_iter_140000
    sha256: "2a56a11a57a4a295956b0660b4a3d76bbdca2206c4961cea8efe7d95c7cb2f2d"
  face_detector_scrfd:
    # version: scrfd_10g_bnkps-insightface-0.7
    sha256: "5838f7fe053675b1c7a08b633df49e7af5495cee0493c7dcf6697200b85b5b91"
  face_embedder_arcface:
    # version: arcface_r100_glint360k-buffalo_l-0.7
    sha256: "4c06341c33c2ca1f86781dab0e829f88ad5b64be9fba56e56bc9ebdefc619e43"
